
Microsoft Visual Studio Solution File, Format Version 12.00
# Visual Studio Version 17
VisualStudioVersion = 17.9.34607.119
MinimumVisualStudioVersion = 10.0.40219.1
Project("{FAE04EC0-301F-11D3-BF4B-00C04F79EFBC}") = "StevecKlikov", "StevecKlikov\StevecKlikov.csproj", "{B98C29C1-AFCE-44C3-B5AF-5D9427CED241}"
EndProject
Project("{FAE04EC0-301F-11D3-BF4B-00C04F79EFBC}") = "LeviInDesni", "LeviInDesni\LeviInDesni.csproj", "{ACD2FB9E-50D0-4267-AD3D-A15B8B4E8AB8}"
EndProject
Project("{FAE04EC0-301F-11D3-BF4B-00C04F79EFBC}") = "Semafor", "Semafor\Semafor.csproj", "{5C82F064-2FC0-4B43-98FC-4DABE2014BF0}"
EndProject
Global
	GlobalSection(SolutionConfigurationPlatforms) = preSolution
		Debug|Any CPU = Debug|Any CPU
		Release|Any CPU = Release|Any CPU
	EndGlobalSection
	GlobalSection(ProjectConfigurationPlatforms) = postSolution
		{B98C29C1-AFCE-44C3-B5AF-5D9427CED241}.Debug|Any CPU.ActiveCfg = Debug|Any CPU
		{B98C29C1-AFCE-44C3-B5AF-5D9427CED241}.Debug|Any CPU.Build.0 = Debug|Any CPU
		{B98C29C1-AFCE-44C3-B5AF-5D9427CED241}.Release|Any CPU.ActiveCfg = Release|Any CPU
		{B98C29C1-AFCE-44C3-B5AF-5D9427CED241}.Release|Any CPU.Build.0 = Release|Any CPU
		{ACD2FB9E-50D0-4267-AD3D-A15B8B4E8AB8}.Debug|Any CPU.ActiveCfg = Debug|Any CPU
		{ACD2FB9E-50D0-4267-AD3D-A15B8B4E8AB8}.Debug|Any CPU.Build.0 = Debug|Any CPU
		{ACD2FB9E-50D0-4267-AD3D-A15B8B4E8AB8}.Release|Any CPU.ActiveCfg = Release|Any CPU
		{ACD2FB9E-50D0-4267-AD3D-A15B8B4E8AB8}.Release|Any CPU.Build.0 = Release|Any CPU
		{5C82F064-2FC0-4B43-98FC-4DABE2014BF0}.Debug|Any CPU.ActiveCfg = Debug|Any CPU
		{5C82F064-2FC0-4B43-98FC-4DABE2014BF0}.Debug|Any CPU.Build.0 = Debug|Any CPU
		{5C82F064-2FC0-4B43-98FC-4DABE2014BF0}.Release|Any CPU.ActiveCfg = Release|Any CPU
		{5C82F064-2FC0-4B43-98FC-4DABE2014BF0}.Release|Any CPU.Build.0 = Release|Any CPU
	EndGlobalSection
	GlobalSection(SolutionProperties) = preSolution
		HideSolutionNode = FALSE
	EndGlobalSection
	GlobalSection(ExtensibilityGlobals) = postSolution
		SolutionGuid = {024EE0F1-1317-468C-A7EA-D1DE764DADB3}
	EndGlobalSection
EndGlobal
